
Microsoft Visual Studio Solution File, Format Version 11.00
# Visual Studio 2010
Project("{FAE04EC0-301F-11D3-BF4B-00C04F79EFBC}") = "CurveLock", "CurveLock\CurveLock.csproj", "{EF28F203-A7BC-474A-88E4-93D788853AA9}"
EndProject
Project("{FAE04EC0-301F-11D3-BF4B-00C04F79EFBC}") = "CLCore", "CLCore\CLCore.csproj", "{42E818F3-EA07-4838-817B-53C32FCEA7F8}"
EndProject
Project("{FAE04EC0-301F-11D3-BF4B-00C04F79EFBC}") = "Tests", "Tests\Tests.csproj", "{5CAF0D27-9E33-42AB-827E-9E0C3B72DE99}"
EndProject
Project("{2150E333-8FDC-42A3-9474-1A3956D46DE8}") = "Solution Items", "Solution Items", "{C592BAA3-6D2F-4414-82B2-47FF1232E0CC}"
	ProjectSection(SolutionItems) = preProject
		CurveLock.vsmdi = CurveLock.vsmdi
		Local.testsettings = Local.testsettings
		TraceAndTestImpact.testsettings = TraceAndTestImpact.testsettings
	EndProjectSection
EndProject
Global
	GlobalSection(TestCaseManagementSettings) = postSolution
		CategoryFile = CurveLock.vsmdi
	EndGlobalSection
	GlobalSection(SolutionConfigurationPlatforms) = preSolution
		Debug|Any CPU = Debug|Any CPU
		Debug|Mixed Platforms = Debug|Mixed Platforms
		Debug|x86 = Debug|x86
		Release|Any CPU = Release|Any CPU
		Release|Mixed Platforms = Release|Mixed Platforms
		Release|x86 = Release|x86
	EndGlobalSection
	GlobalSection(ProjectConfigurationPlatforms) = postSolution
		{EF28F203-A7BC-474A-88E4-93D788853AA9}.Debug|Any CPU.ActiveCfg = Debug|x86
		{EF28F203-A7BC-474A-88E4-93D788853AA9}.Debug|Mixed Platforms.ActiveCfg = Debug|x86
		{EF28F203-A7BC-474A-88E4-93D788853AA9}.Debug|Mixed Platforms.Build.0 = Debug|x86
		{EF28F203-A7BC-474A-88E4-93D788853AA9}.Debug|x86.ActiveCfg = Debug|x86
		{EF28F203-A7BC-474A-88E4-93D788853AA9}.Debug|x86.Build.0 = Debug|x86
		{EF28F203-A7BC-474A-88E4-93D788853AA9}.Release|Any CPU.ActiveCfg = Release|x86
		{EF28F203-A7BC-474A-88E4-93D788853AA9}.Release|Mixed Platforms.ActiveCfg = Release|x86
		{EF28F203-A7BC-474A-88E4-93D788853AA9}.Release|Mixed Platforms.Build.0 = Release|x86
		{EF28F203-A7BC-474A-88E4-93D788853AA9}.Release|x86.ActiveCfg = Release|x86
		{EF28F203-A7BC-474A-88E4-93D788853AA9}.Release|x86.Build.0 = Release|x86
		{42E818F3-EA07-4838-817B-53C32FCEA7F8}.Debug|Any CPU.ActiveCfg = Debug|Any CPU
		{42E818F3-EA07-4838-817B-53C32FCEA7F8}.Debug|Any CPU.Build.0 = Debug|Any CPU
		{42E818F3-EA07-4838-817B-53C32FCEA7F8}.Debug|Mixed Platforms.ActiveCfg = Debug|Any CPU
		{42E818F3-EA07-4838-817B-53C32FCEA7F8}.Debug|Mixed Platforms.Build.0 = Debug|Any CPU
		{42E818F3-EA07-4838-817B-53C32FCEA7F8}.Debug|x86.ActiveCfg = Debug|Any CPU
		{42E818F3-EA07-4838-817B-53C32FCEA7F8}.Release|Any CPU.ActiveCfg = Release|Any CPU
		{42E818F3-EA07-4838-817B-53C32FCEA7F8}.Release|Any CPU.Build.0 = Release|Any CPU
		{42E818F3-EA07-4838-817B-53C32FCEA7F8}.Release|Mixed Platforms.ActiveCfg = Release|Any CPU
		{42E818F3-EA07-4838-817B-53C32FCEA7F8}.Release|Mixed Platforms.Build.0 = Release|Any CPU
		{42E818F3-EA07-4838-817B-53C32FCEA7F8}.Release|x86.ActiveCfg = Release|Any CPU
		{5CAF0D27-9E33-42AB-827E-9E0C3B72DE99}.Debug|Any CPU.ActiveCfg = Debug|Any CPU
		{5CAF0D27-9E33-42AB-827E-9E0C3B72DE99}.Debug|Any CPU.Build.0 = Debug|Any CPU
		{5CAF0D27-9E33-42AB-827E-9E0C3B72DE99}.Debug|Mixed Platforms.ActiveCfg = Debug|Any CPU
		{5CAF0D27-9E33-42AB-827E-9E0C3B72DE99}.Debug|Mixed Platforms.Build.0 = Debug|Any CPU
		{5CAF0D27-9E33-42AB-827E-9E0C3B72DE99}.Debug|x86.ActiveCfg = Debug|Any CPU
		{5CAF0D27-9E33-42AB-827E-9E0C3B72DE99}.Release|Any CPU.ActiveCfg = Release|Any CPU
		{5CAF0D27-9E33-42AB-827E-9E0C3B72DE99}.Release|Any CPU.Build.0 = Release|Any CPU
		{5CAF0D27-9E33-42AB-827E-9E0C3B72DE99}.Release|Mixed Platforms.ActiveCfg = Release|Any CPU
		{5CAF0D27-9E33-42AB-827E-9E0C3B72DE99}.Release|Mixed Platforms.Build.0 = Release|Any CPU
		{5CAF0D27-9E33-42AB-827E-9E0C3B72DE99}.Release|x86.ActiveCfg = Release|Any CPU
	EndGlobalSection
	GlobalSection(SolutionProperties) = preSolution
		HideSolutionNode = FALSE
	EndGlobalSection
EndGlobal
